
Microsoft Visual Studio Solution File, Format Version 12.00
# Visual Studio Version 17
VisualStudioVersion = 17.14.36301.6 d17.14
MinimumVisualStudioVersion = 10.0.40219.1
Project("{FAE04EC0-301F-11D3-BF4B-00C04F79EFBC}") = "Simple-Kafka-Producer", "Simple-Kafka-Producer\Simple-Kafka-Producer.csproj", "{87105C19-144D-4B9A-8BFA-E82ABA2B2B36}"
EndProject
Project("{FAE04EC0-301F-11D3-BF4B-00C04F79EFBC}") = "Simple-Kafka-Consumer", "Simple-Kafka-Consumer\Simple-Kafka-Consumer.csproj", "{AE759CC5-18B6-4E8A-AB40-1EC0D0F086D4}"
EndProject
Global
	GlobalSection(SolutionConfigurationPlatforms) = preSolution
		Debug|Any CPU = Debug|Any CPU
		Release|Any CPU = Release|Any CPU
	EndGlobalSection
	GlobalSection(ProjectConfigurationPlatforms) = postSolution
		{87105C19-144D-4B9A-8BFA-E82ABA2B2B36}.Debug|Any CPU.ActiveCfg = Debug|Any CPU
		{87105C19-144D-4B9A-8BFA-E82ABA2B2B36}.Debug|Any CPU.Build.0 = Debug|Any CPU
		{87105C19-144D-4B9A-8BFA-E82ABA2B2B36}.Release|Any CPU.ActiveCfg = Release|Any CPU
		{87105C19-144D-4B9A-8BFA-E82ABA2B2B36}.Release|Any CPU.Build.0 = Release|Any CPU
		{AE759CC5-18B6-4E8A-AB40-1EC0D0F086D4}.Debug|Any CPU.ActiveCfg = Debug|Any CPU
		{AE759CC5-18B6-4E8A-AB40-1EC0D0F086D4}.Debug|Any CPU.Build.0 = Debug|Any CPU
		{AE759CC5-18B6-4E8A-AB40-1EC0D0F086D4}.Release|Any CPU.ActiveCfg = Release|Any CPU
		{AE759CC5-18B6-4E8A-AB40-1EC0D0F086D4}.Release|Any CPU.Build.0 = Release|Any CPU
	EndGlobalSection
	GlobalSection(SolutionProperties) = preSolution
		HideSolutionNode = FALSE
	EndGlobalSection
	GlobalSection(ExtensibilityGlobals) = postSolution
		SolutionGuid = {4E75AE56-2647-4C85-B53E-B22527E83934}
	EndGlobalSection
EndGlobal
